Microsoft Visual Studio Solution File, Format Version 12.00
# Visual Studio Version 17
VisualStudioVersion = 17.10.34916.146
MinimumVisualStudioVersion = 10.0.40219.1
Project("{F184B08F-C81C-45F6-A57F-5ABD9991F28F}") = "ImmediateInitRow", "WindowsApplication73\ImmediateInitRow.vbproj", "{DDE58763-D691-48A4-89FE-3C143912F5FB}"
EndProject
Global
	GlobalSection(SolutionConfigurationPlatforms) = preSolution
		Debug|Any CPU = Debug|Any CPU
		Release|Any CPU = Release|Any CPU
	EndGlobalSection
	GlobalSection(ProjectConfigurationPlatforms) = postSolution
		{DDE58763-D691-48A4-89FE-3C143912F5FB}.Debug|Any CPU.ActiveCfg = Debug|Any CPU
		{DDE58763-D691-48A4-89FE-3C143912F5FB}.Debug|Any CPU.Build.0 = Debug|Any CPU
		{DDE58763-D691-48A4-89FE-3C143912F5FB}.Release|Any CPU.ActiveCfg = Release|Any CPU
		{DDE58763-D691-48A4-89FE-3C143912F5FB}.Release|Any CPU.Build.0 = Release|Any CPU
	EndGlobalSection
	GlobalSection(SolutionProperties) = preSolution
		HideSolutionNode = FALSE
	EndGlobalSection
	GlobalSection(ExtensibilityGlobals) = postSolution
		SolutionGuid = {352FDFF7-1B5E-4323-880C-ADE70F5EAF11}
	EndGlobalSection
EndGlobal
